
Microsoft Visual Studio Solution File, Format Version 12.00
# Visual Studio 14
VisualStudioVersion = 14.0.25420.1
MinimumVisualStudioVersion = 10.0.40219.1
Project("{2150E333-8FDC-42A3-9474-1A3956D46DE8}") = "src", "src", "{E3FAE403-F6A5-4347-BEB0-29DD174DBF53}"
EndProject
Project("{FAE04EC0-301F-11D3-BF4B-00C04F79EFBC}") = "Gremlin.Net", "src\Gremlin.Net\Gremlin.Net.csproj", "{ED588305-4778-4B71-92E5-81EA36539A4C}"
EndProject
Project("{2150E333-8FDC-42A3-9474-1A3956D46DE8}") = "test", "test", "{D70B291E-E292-48ED-91B3-F594A8CD7BF7}"
EndProject
Project("{FAE04EC0-301F-11D3-BF4B-00C04F79EFBC}") = "Gremlin.Net.UnitTest", "test\Gremlin.Net.UnitTest\Gremlin.Net.UnitTest.csproj", "{3F559F3F-4C61-49D5-90EF-54105D989ABA}"
EndProject
Project("{FAE04EC0-301F-11D3-BF4B-00C04F79EFBC}") = "Gremlin.Net.IntegrationTest", "test\Gremlin.Net.IntegrationTest\Gremlin.Net.IntegrationTest.csproj", "{A12FDE21-B78F-480A-B8B5-29A46F9A93BB}"
EndProject
Global
	GlobalSection(SolutionConfigurationPlatforms) = preSolution
		Debug|Any CPU = Debug|Any CPU
		Release|Any CPU = Release|Any CPU
	EndGlobalSection
	GlobalSection(ProjectConfigurationPlatforms) = postSolution
		{ED588305-4778-4B71-92E5-81EA36539A4C}.Debug|Any CPU.ActiveCfg = Debug|Any CPU
		{ED588305-4778-4B71-92E5-81EA36539A4C}.Debug|Any CPU.Build.0 = Debug|Any CPU
		{ED588305-4778-4B71-92E5-81EA36539A4C}.Release|Any CPU.ActiveCfg = Release|Any CPU
		{ED588305-4778-4B71-92E5-81EA36539A4C}.Release|Any CPU.Build.0 = Release|Any CPU
		{3F559F3F-4C61-49D5-90EF-54105D989ABA}.Debug|Any CPU.ActiveCfg = Debug|Any CPU
		{3F559F3F-4C61-49D5-90EF-54105D989ABA}.Debug|Any CPU.Build.0 = Debug|Any CPU
		{3F559F3F-4C61-49D5-90EF-54105D989ABA}.Release|Any CPU.ActiveCfg = Release|Any CPU
		{3F559F3F-4C61-49D5-90EF-54105D989ABA}.Release|Any CPU.Build.0 = Release|Any CPU
		{A12FDE21-B78F-480A-B8B5-29A46F9A93BB}.Debug|Any CPU.ActiveCfg = Debug|Any CPU
		{A12FDE21-B78F-480A-B8B5-29A46F9A93BB}.Debug|Any CPU.Build.0 = Debug|Any CPU
		{A12FDE21-B78F-480A-B8B5-29A46F9A93BB}.Release|Any CPU.ActiveCfg = Release|Any CPU
		{A12FDE21-B78F-480A-B8B5-29A46F9A93BB}.Release|Any CPU.Build.0 = Release|Any CPU
	EndGlobalSection
	GlobalSection(SolutionProperties) = preSolution
		HideSolutionNode = FALSE
	EndGlobalSection
	GlobalSection(NestedProjects) = preSolution
		{ED588305-4778-4B71-92E5-81EA36539A4C} = {E3FAE403-F6A5-4347-BEB0-29DD174DBF53}
		{3F559F3F-4C61-49D5-90EF-54105D989ABA} = {D70B291E-E292-48ED-91B3-F594A8CD7BF7}
		{A12FDE21-B78F-480A-B8B5-29A46F9A93BB} = {D70B291E-E292-48ED-91B3-F594A8CD7BF7}
	EndGlobalSection
EndGlobal
