
Microsoft Visual Studio Solution File, Format Version 12.00
# Visual Studio 14
VisualStudioVersion = 14.0.25420.1
MinimumVisualStudioVersion = 10.0.40219.1
Project("{2150E333-8FDC-42A3-9474-1A3956D46DE8}") = "src", "src", "{584F838B-DAE2-44F5-868C-1F532949C827}"
EndProject
Project("{2150E333-8FDC-42A3-9474-1A3956D46DE8}") = "Solution Items", "Solution Items", "{D4B935A4-93F9-4A58-BC34-E5BFE1D2E2F7}"
	ProjectSection(SolutionItems) = preProject
		global.json = global.json
	EndProjectSection
EndProject
Project("{8BB2217D-0F2D-49D1-97BC-3654ED321F3B}") = "Gremlin.Net", "src\Gremlin.Net\Gremlin.Net.xproj", "{6C1DD34D-E30F-4E37-AACC-BEB8AD2320D8}"
EndProject
Project("{2150E333-8FDC-42A3-9474-1A3956D46DE8}") = "test", "test", "{1B54FAC2-5411-4BB6-B450-FE2FFD8C4782}"
EndProject
Project("{8BB2217D-0F2D-49D1-97BC-3654ED321F3B}") = "Gremlin.Net.UnitTest", "test\Gremlin.Net.UnitTest\Gremlin.Net.UnitTest.xproj", "{1FAB781B-B857-4AD2-BEC8-E20C214D9E21}"
EndProject
Project("{8BB2217D-0F2D-49D1-97BC-3654ED321F3B}") = "Gremlin.Net.IntegrationTest", "test\Gremlin.Net.IntegrationTest\Gremlin.Net.IntegrationTest.xproj", "{CC54ABE3-13D2-491C-81E2-4D0355ABFA93}"
EndProject
Project("{8BB2217D-0F2D-49D1-97BC-3654ED321F3B}") = "Gremlin.CSharp", "src\Gremlin.CSharp\Gremlin.CSharp.xproj", "{709D235A-CA13-434F-9AF9-8C8C009B11D7}"
EndProject
Project("{8BB2217D-0F2D-49D1-97BC-3654ED321F3B}") = "Gremlin.CSharp.IntegrationTest", "test\Gremlin.CSharp.IntegrationTest\Gremlin.CSharp.IntegrationTest.xproj", "{232F0F2B-178E-4214-99C7-CC4DC6710F44}"
EndProject
Global
	GlobalSection(SolutionConfigurationPlatforms) = preSolution
		Debug|Any CPU = Debug|Any CPU
		Release|Any CPU = Release|Any CPU
	EndGlobalSection
	GlobalSection(ProjectConfigurationPlatforms) = postSolution
		{6C1DD34D-E30F-4E37-AACC-BEB8AD2320D8}.Debug|Any CPU.ActiveCfg = Debug|Any CPU
		{6C1DD34D-E30F-4E37-AACC-BEB8AD2320D8}.Debug|Any CPU.Build.0 = Debug|Any CPU
		{6C1DD34D-E30F-4E37-AACC-BEB8AD2320D8}.Release|Any CPU.ActiveCfg = Release|Any CPU
		{6C1DD34D-E30F-4E37-AACC-BEB8AD2320D8}.Release|Any CPU.Build.0 = Release|Any CPU
		{1FAB781B-B857-4AD2-BEC8-E20C214D9E21}.Debug|Any CPU.ActiveCfg = Debug|Any CPU
		{1FAB781B-B857-4AD2-BEC8-E20C214D9E21}.Debug|Any CPU.Build.0 = Debug|Any CPU
		{1FAB781B-B857-4AD2-BEC8-E20C214D9E21}.Release|Any CPU.ActiveCfg = Release|Any CPU
		{1FAB781B-B857-4AD2-BEC8-E20C214D9E21}.Release|Any CPU.Build.0 = Release|Any CPU
		{CC54ABE3-13D2-491C-81E2-4D0355ABFA93}.Debug|Any CPU.ActiveCfg = Debug|Any CPU
		{CC54ABE3-13D2-491C-81E2-4D0355ABFA93}.Debug|Any CPU.Build.0 = Debug|Any CPU
		{CC54ABE3-13D2-491C-81E2-4D0355ABFA93}.Release|Any CPU.ActiveCfg = Release|Any CPU
		{CC54ABE3-13D2-491C-81E2-4D0355ABFA93}.Release|Any CPU.Build.0 = Release|Any CPU
		{709D235A-CA13-434F-9AF9-8C8C009B11D7}.Debug|Any CPU.ActiveCfg = Debug|Any CPU
		{709D235A-CA13-434F-9AF9-8C8C009B11D7}.Debug|Any CPU.Build.0 = Debug|Any CPU
		{709D235A-CA13-434F-9AF9-8C8C009B11D7}.Release|Any CPU.ActiveCfg = Release|Any CPU
		{709D235A-CA13-434F-9AF9-8C8C009B11D7}.Release|Any CPU.Build.0 = Release|Any CPU
		{232F0F2B-178E-4214-99C7-CC4DC6710F44}.Debug|Any CPU.ActiveCfg = Debug|Any CPU
		{232F0F2B-178E-4214-99C7-CC4DC6710F44}.Debug|Any CPU.Build.0 = Debug|Any CPU
		{232F0F2B-178E-4214-99C7-CC4DC6710F44}.Release|Any CPU.ActiveCfg = Release|Any CPU
		{232F0F2B-178E-4214-99C7-CC4DC6710F44}.Release|Any CPU.Build.0 = Release|Any CPU
	EndGlobalSection
	GlobalSection(SolutionProperties) = preSolution
		HideSolutionNode = FALSE
	EndGlobalSection
	GlobalSection(NestedProjects) = preSolution
		{6C1DD34D-E30F-4E37-AACC-BEB8AD2320D8} = {584F838B-DAE2-44F5-868C-1F532949C827}
		{1FAB781B-B857-4AD2-BEC8-E20C214D9E21} = {1B54FAC2-5411-4BB6-B450-FE2FFD8C4782}
		{CC54ABE3-13D2-491C-81E2-4D0355ABFA93} = {1B54FAC2-5411-4BB6-B450-FE2FFD8C4782}
		{709D235A-CA13-434F-9AF9-8C8C009B11D7} = {584F838B-DAE2-44F5-868C-1F532949C827}
		{232F0F2B-178E-4214-99C7-CC4DC6710F44} = {1B54FAC2-5411-4BB6-B450-FE2FFD8C4782}
	EndGlobalSection
EndGlobal
